
Microsoft Visual Studio Solution File, Format Version 12.00
# Visual Studio Version 17
VisualStudioVersion = 17.7.34024.191
MinimumVisualStudioVersion = 10.0.40219.1
Project("{FAE04EC0-301F-11D3-BF4B-00C04F79EFBC}") = "ProyectoPharmTrack", "ProyectoPharmTrack\ProyectoPharmTrack.csproj", "{9E7F18D0-068E-45AD-98CD-750F5F711505}"
EndProject
Project("{FAE04EC0-301F-11D3-BF4B-00C04F79EFBC}") = "PedidoDeProductoFarmTrack", "..\..\PedidoDeProductoFarmTrack\PedidoDeProductoFarmTrack.csproj", "{3B559726-BCA6-4873-9B66-409CBA16C15E}"
EndProject
Global
	GlobalSection(SolutionConfigurationPlatforms) = preSolution
		Debug|Any CPU = Debug|Any CPU
		Release|Any CPU = Release|Any CPU
	EndGlobalSection
	GlobalSection(ProjectConfigurationPlatforms) = postSolution
		{9E7F18D0-068E-45AD-98CD-750F5F711505}.Debug|Any CPU.ActiveCfg = Debug|Any CPU
		{9E7F18D0-068E-45AD-98CD-750F5F711505}.Debug|Any CPU.Build.0 = Debug|Any CPU
		{9E7F18D0-068E-45AD-98CD-750F5F711505}.Release|Any CPU.ActiveCfg = Release|Any CPU
		{9E7F18D0-068E-45AD-98CD-750F5F711505}.Release|Any CPU.Build.0 = Release|Any CPU
		{3B559726-BCA6-4873-9B66-409CBA16C15E}.Debug|Any CPU.ActiveCfg = Debug|Any CPU
		{3B559726-BCA6-4873-9B66-409CBA16C15E}.Debug|Any CPU.Build.0 = Debug|Any CPU
		{3B559726-BCA6-4873-9B66-409CBA16C15E}.Release|Any CPU.ActiveCfg = Release|Any CPU
		{3B559726-BCA6-4873-9B66-409CBA16C15E}.Release|Any CPU.Build.0 = Release|Any CPU
	EndGlobalSection
	GlobalSection(SolutionProperties) = preSolution
		HideSolutionNode = FALSE
	EndGlobalSection
	GlobalSection(ExtensibilityGlobals) = postSolution
		SolutionGuid = {DAF63C15-9B12-4289-ABC7-2D1E583C0758}
	EndGlobalSection
EndGlobal
